
Microsoft Visual Studio Solution File, Format Version 12.00
# Visual Studio Version 17
VisualStudioVersion = 17.0.31903.59
MinimumVisualStudioVersion = 10.0.40219.1
Project("{2150E333-8FDC-42A3-9474-1A3956D46DE8}") = "src", "src", "{46DB77C7-A6B5-42C8-931E-704479BB374D}"
EndProject
Project("{FAE04EC0-301F-11D3-BF4B-00C04F79EFBC}") = "ChatSupportService", "src\ChatSupportService\ChatSupportService.csproj", "{6232D42A-E533-49B8-AA30-E559D7930B68}"
EndProject
Project("{FAE04EC0-301F-11D3-BF4B-00C04F79EFBC}") = "ChatSupportService.Tests", "src\ChatSupportService.Tests\ChatSupportService.Tests.csproj", "{F97DADA8-C073-4A98-9DB8-FA7001A31033}"
EndProject
Global
	GlobalSection(SolutionConfigurationPlatforms) = preSolution
		Debug|Any CPU = Debug|Any CPU
		Release|Any CPU = Release|Any CPU
	EndGlobalSection
	GlobalSection(ProjectConfigurationPlatforms) = postSolution
		{6232D42A-E533-49B8-AA30-E559D7930B68}.Debug|Any CPU.ActiveCfg = Debug|Any CPU
		{6232D42A-E533-49B8-AA30-E559D7930B68}.Debug|Any CPU.Build.0 = Debug|Any CPU
		{6232D42A-E533-49B8-AA30-E559D7930B68}.Release|Any CPU.ActiveCfg = Release|Any CPU
		{6232D42A-E533-49B8-AA30-E559D7930B68}.Release|Any CPU.Build.0 = Release|Any CPU
		{F97DADA8-C073-4A98-9DB8-FA7001A31033}.Debug|Any CPU.ActiveCfg = Debug|Any CPU
		{F97DADA8-C073-4A98-9DB8-FA7001A31033}.Debug|Any CPU.Build.0 = Debug|Any CPU
		{F97DADA8-C073-4A98-9DB8-FA7001A31033}.Release|Any CPU.ActiveCfg = Release|Any CPU
		{F97DADA8-C073-4A98-9DB8-FA7001A31033}.Release|Any CPU.Build.0 = Release|Any CPU
	EndGlobalSection
	GlobalSection(SolutionProperties) = preSolution
		HideSolutionNode = FALSE
	EndGlobalSection
	GlobalSection(NestedProjects) = preSolution
		{6232D42A-E533-49B8-AA30-E559D7930B68} = {46DB77C7-A6B5-42C8-931E-704479BB374D}
		{F97DADA8-C073-4A98-9DB8-FA7001A31033} = {46DB77C7-A6B5-42C8-931E-704479BB374D}
	EndGlobalSection
EndGlobal
